
Microsoft Visual Studio Solution File, Format Version 12.00
# Visual Studio Version 16
VisualStudioVersion = 16.0.31129.286
MinimumVisualStudioVersion = 10.0.40219.1
Project("{2150E333-8FDC-42A3-9474-1A3956D46DE8}") = "Domains", "Domains", "{4B4C4A9A-4401-4684-A52B-CD3EF960A1CE}"
EndProject
Project("{9A19103F-16F7-4668-BE54-9A1E7A4F7556}") = "CashierManagement", "src\Domains\BankManagement\CashierManagement.csproj", "{789A81A8-5711-4A71-B6E9-6B4CB3B3B42E}"
EndProject
Project("{2150E333-8FDC-42A3-9474-1A3956D46DE8}") = "Presentations", "Presentations", "{80DCD028-0F91-499D-A046-EE1716D9D179}"
EndProject
Project("{2150E333-8FDC-42A3-9474-1A3956D46DE8}") = "Apps", "Apps", "{9C93465F-9D05-481C-95B4-F3BBEBD435F5}"
EndProject
Project("{9A19103F-16F7-4668-BE54-9A1E7A4F7556}") = "CashierApp", "src\Presentations\Apps\CashierApp\CashierApp.csproj", "{F099C988-37AD-4F00-B6B6-64376F38267D}"
EndProject
Project("{9A19103F-16F7-4668-BE54-9A1E7A4F7556}") = "MenagerApp", "src\Presentations\Apps\MenagerApp\MenagerApp.csproj", "{30973BC1-8C17-4C21-AA66-1E8E620D8D4B}"
EndProject
Project("{2150E333-8FDC-42A3-9474-1A3956D46DE8}") = "Applications", "Applications", "{1368D923-1BBA-430D-8566-6DD0C189358B}"
EndProject
Project("{9A19103F-16F7-4668-BE54-9A1E7A4F7556}") = "CashierManagementApplicationLayer", "src\Applications\CashierManagement\CashierManagementApplicationLayer.csproj", "{C8B020DE-4DD9-4785-8C34-B1E241196B73}"
EndProject
Project("{2150E333-8FDC-42A3-9474-1A3956D46DE8}") = "Infrastructures", "Infrastructures", "{CA4C6DF7-70C5-4A9D-9A72-A98726AAC19F}"
EndProject
Project("{9A19103F-16F7-4668-BE54-9A1E7A4F7556}") = "CashierManagementInfractureLayer", "src\Infrastructures\CashierManagement\CashierManagementInfractureLayer.csproj", "{F6EF6952-8CD1-4188-95F8-B793C536E46E}"
EndProject
Project("{E53339B2-1760-4266-BCC7-CA923CBCF16C}") = "docker-compose", "docker-compose.dcproj", "{DA74A9C8-A765-4D88-965A-D3CC848D1CC5}"
EndProject
Project("{9A19103F-16F7-4668-BE54-9A1E7A4F7556}") = "MoneyMenagement", "src\Domains\MoneyMenagement\MoneyMenagement.csproj", "{D42BC470-4969-4592-862A-EA11F9C82F00}"
EndProject
Project("{9A19103F-16F7-4668-BE54-9A1E7A4F7556}") = "CashierOperationsApplicationLayer", "src\Applications\CashierOperationsApplicationLayer\CashierOperationsApplicationLayer.csproj", "{E3A713EE-D564-4EFF-A4B9-26F6E0EE3CBA}"
EndProject
Project("{9A19103F-16F7-4668-BE54-9A1E7A4F7556}") = "BuildBlocks.Domain", "src\Domains\BuildBlocks.Domain\BuildBlocks.Domain.csproj", "{CBC94B0C-1F80-4220-9709-8A994FFC7EAB}"
EndProject
Project("{9A19103F-16F7-4668-BE54-9A1E7A4F7556}") = "BuildBlocks.Intrastructure", "src\Infrastructures\BuildBlocksInfrastructure\BuildBlocks.Intrastructure.csproj", "{DE38C316-4D60-4FAE-A7F0-FA298BA8FED1}"
EndProject
Global
	GlobalSection(SolutionConfigurationPlatforms) = preSolution
		Debug|Any CPU = Debug|Any CPU
		Release|Any CPU = Release|Any CPU
	EndGlobalSection
	GlobalSection(ProjectConfigurationPlatforms) = postSolution
		{789A81A8-5711-4A71-B6E9-6B4CB3B3B42E}.Debug|Any CPU.ActiveCfg = Debug|Any CPU
		{789A81A8-5711-4A71-B6E9-6B4CB3B3B42E}.Debug|Any CPU.Build.0 = Debug|Any CPU
		{789A81A8-5711-4A71-B6E9-6B4CB3B3B42E}.Release|Any CPU.ActiveCfg = Release|Any CPU
		{789A81A8-5711-4A71-B6E9-6B4CB3B3B42E}.Release|Any CPU.Build.0 = Release|Any CPU
		{F099C988-37AD-4F00-B6B6-64376F38267D}.Debug|Any CPU.ActiveCfg = Debug|Any CPU
		{F099C988-37AD-4F00-B6B6-64376F38267D}.Debug|Any CPU.Build.0 = Debug|Any CPU
		{F099C988-37AD-4F00-B6B6-64376F38267D}.Release|Any CPU.ActiveCfg = Release|Any CPU
		{F099C988-37AD-4F00-B6B6-64376F38267D}.Release|Any CPU.Build.0 = Release|Any CPU
		{30973BC1-8C17-4C21-AA66-1E8E620D8D4B}.Debug|Any CPU.ActiveCfg = Debug|Any CPU
		{30973BC1-8C17-4C21-AA66-1E8E620D8D4B}.Debug|Any CPU.Build.0 = Debug|Any CPU
		{30973BC1-8C17-4C21-AA66-1E8E620D8D4B}.Release|Any CPU.ActiveCfg = Release|Any CPU
		{30973BC1-8C17-4C21-AA66-1E8E620D8D4B}.Release|Any CPU.Build.0 = Release|Any CPU
		{C8B020DE-4DD9-4785-8C34-B1E241196B73}.Debug|Any CPU.ActiveCfg = Debug|Any CPU
		{C8B020DE-4DD9-4785-8C34-B1E241196B73}.Debug|Any CPU.Build.0 = Debug|Any CPU
		{C8B020DE-4DD9-4785-8C34-B1E241196B73}.Release|Any CPU.ActiveCfg = Release|Any CPU
		{C8B020DE-4DD9-4785-8C34-B1E241196B73}.Release|Any CPU.Build.0 = Release|Any CPU
		{F6EF6952-8CD1-4188-95F8-B793C536E46E}.Debug|Any CPU.ActiveCfg = Debug|Any CPU
		{F6EF6952-8CD1-4188-95F8-B793C536E46E}.Debug|Any CPU.Build.0 = Debug|Any CPU
		{F6EF6952-8CD1-4188-95F8-B793C536E46E}.Release|Any CPU.ActiveCfg = Release|Any CPU
		{F6EF6952-8CD1-4188-95F8-B793C536E46E}.Release|Any CPU.Build.0 = Release|Any CPU
		{DA74A9C8-A765-4D88-965A-D3CC848D1CC5}.Debug|Any CPU.ActiveCfg = Debug|Any CPU
		{DA74A9C8-A765-4D88-965A-D3CC848D1CC5}.Debug|Any CPU.Build.0 = Debug|Any CPU
		{DA74A9C8-A765-4D88-965A-D3CC848D1CC5}.Release|Any CPU.ActiveCfg = Release|Any CPU
		{DA74A9C8-A765-4D88-965A-D3CC848D1CC5}.Release|Any CPU.Build.0 = Release|Any CPU
		{D42BC470-4969-4592-862A-EA11F9C82F00}.Debug|Any CPU.ActiveCfg = Debug|Any CPU
		{D42BC470-4969-4592-862A-EA11F9C82F00}.Debug|Any CPU.Build.0 = Debug|Any CPU
		{D42BC470-4969-4592-862A-EA11F9C82F00}.Release|Any CPU.ActiveCfg = Release|Any CPU
		{D42BC470-4969-4592-862A-EA11F9C82F00}.Release|Any CPU.Build.0 = Release|Any CPU
		{E3A713EE-D564-4EFF-A4B9-26F6E0EE3CBA}.Debug|Any CPU.ActiveCfg = Debug|Any CPU
		{E3A713EE-D564-4EFF-A4B9-26F6E0EE3CBA}.Debug|Any CPU.Build.0 = Debug|Any CPU
		{E3A713EE-D564-4EFF-A4B9-26F6E0EE3CBA}.Release|Any CPU.ActiveCfg = Release|Any CPU
		{E3A713EE-D564-4EFF-A4B9-26F6E0EE3CBA}.Release|Any CPU.Build.0 = Release|Any CPU
		{CBC94B0C-1F80-4220-9709-8A994FFC7EAB}.Debug|Any CPU.ActiveCfg = Debug|Any CPU
		{CBC94B0C-1F80-4220-9709-8A994FFC7EAB}.Debug|Any CPU.Build.0 = Debug|Any CPU
		{CBC94B0C-1F80-4220-9709-8A994FFC7EAB}.Release|Any CPU.ActiveCfg = Release|Any CPU
		{CBC94B0C-1F80-4220-9709-8A994FFC7EAB}.Release|Any CPU.Build.0 = Release|Any CPU
		{DE38C316-4D60-4FAE-A7F0-FA298BA8FED1}.Debug|Any CPU.ActiveCfg = Debug|Any CPU
		{DE38C316-4D60-4FAE-A7F0-FA298BA8FED1}.Debug|Any CPU.Build.0 = Debug|Any CPU
		{DE38C316-4D60-4FAE-A7F0-FA298BA8FED1}.Release|Any CPU.ActiveCfg = Release|Any CPU
		{DE38C316-4D60-4FAE-A7F0-FA298BA8FED1}.Release|Any CPU.Build.0 = Release|Any CPU
	EndGlobalSection
	GlobalSection(SolutionProperties) = preSolution
		HideSolutionNode = FALSE
	EndGlobalSection
	GlobalSection(NestedProjects) = preSolution
		{789A81A8-5711-4A71-B6E9-6B4CB3B3B42E} = {4B4C4A9A-4401-4684-A52B-CD3EF960A1CE}
		{9C93465F-9D05-481C-95B4-F3BBEBD435F5} = {80DCD028-0F91-499D-A046-EE1716D9D179}
		{F099C988-37AD-4F00-B6B6-64376F38267D} = {9C93465F-9D05-481C-95B4-F3BBEBD435F5}
		{30973BC1-8C17-4C21-AA66-1E8E620D8D4B} = {9C93465F-9D05-481C-95B4-F3BBEBD435F5}
		{C8B020DE-4DD9-4785-8C34-B1E241196B73} = {1368D923-1BBA-430D-8566-6DD0C189358B}
		{F6EF6952-8CD1-4188-95F8-B793C536E46E} = {CA4C6DF7-70C5-4A9D-9A72-A98726AAC19F}
		{D42BC470-4969-4592-862A-EA11F9C82F00} = {4B4C4A9A-4401-4684-A52B-CD3EF960A1CE}
		{E3A713EE-D564-4EFF-A4B9-26F6E0EE3CBA} = {1368D923-1BBA-430D-8566-6DD0C189358B}
		{CBC94B0C-1F80-4220-9709-8A994FFC7EAB} = {4B4C4A9A-4401-4684-A52B-CD3EF960A1CE}
		{DE38C316-4D60-4FAE-A7F0-FA298BA8FED1} = {CA4C6DF7-70C5-4A9D-9A72-A98726AAC19F}
	EndGlobalSection
	GlobalSection(ExtensibilityGlobals) = postSolution
		SolutionGuid = {38C04D46-0999-4864-878C-9CFA110261D1}
	EndGlobalSection
EndGlobal
